
Microsoft Visual Studio Solution File, Format Version 12.00
# Visual Studio Version 17
VisualStudioVersion = 17.5.33502.453
MinimumVisualStudioVersion = 10.0.40219.1
Project("{9A19103F-16F7-4668-BE54-9A1E7A4F7556}") = "GameFinder_WebAPInum2", "GameFinder_WebAPInum2\GameFinder_WebAPInum2.csproj", "{BD61775F-C66C-438F-A92B-592AB4677D12}"
EndProject
Project("{9A19103F-16F7-4668-BE54-9A1E7A4F7556}") = "GameFinder_TestsService", "GameFinder_Tests\GameFinder_TestsService.csproj", "{2A1B32C0-44DF-46AF-84A5-D0C168016BB6}"
EndProject
Project("{9A19103F-16F7-4668-BE54-9A1E7A4F7556}") = "GameFinder_TestsController", "GameFinder_TestsController\GameFinder_TestsController.csproj", "{8C4FFD6F-960C-45F2-9B20-FB9617B581BF}"
EndProject
Project("{FAE04EC0-301F-11D3-BF4B-00C04F79EFBC}") = "GameFinder_TestMoq", "GameFinder_TestMoq\GameFinder_TestMoq.csproj", "{02EABE9C-25E0-48B2-A678-B03CF998CC41}"
EndProject
Global
	GlobalSection(SolutionConfigurationPlatforms) = preSolution
		Debug|Any CPU = Debug|Any CPU
		Release|Any CPU = Release|Any CPU
	EndGlobalSection
	GlobalSection(ProjectConfigurationPlatforms) = postSolution
		{BD61775F-C66C-438F-A92B-592AB4677D12}.Debug|Any CPU.ActiveCfg = Debug|Any CPU
		{BD61775F-C66C-438F-A92B-592AB4677D12}.Debug|Any CPU.Build.0 = Debug|Any CPU
		{BD61775F-C66C-438F-A92B-592AB4677D12}.Release|Any CPU.ActiveCfg = Release|Any CPU
		{BD61775F-C66C-438F-A92B-592AB4677D12}.Release|Any CPU.Build.0 = Release|Any CPU
		{2A1B32C0-44DF-46AF-84A5-D0C168016BB6}.Debug|Any CPU.ActiveCfg = Debug|Any CPU
		{2A1B32C0-44DF-46AF-84A5-D0C168016BB6}.Debug|Any CPU.Build.0 = Debug|Any CPU
		{2A1B32C0-44DF-46AF-84A5-D0C168016BB6}.Release|Any CPU.ActiveCfg = Release|Any CPU
		{2A1B32C0-44DF-46AF-84A5-D0C168016BB6}.Release|Any CPU.Build.0 = Release|Any CPU
		{8C4FFD6F-960C-45F2-9B20-FB9617B581BF}.Debug|Any CPU.ActiveCfg = Debug|Any CPU
		{8C4FFD6F-960C-45F2-9B20-FB9617B581BF}.Debug|Any CPU.Build.0 = Debug|Any CPU
		{8C4FFD6F-960C-45F2-9B20-FB9617B581BF}.Release|Any CPU.ActiveCfg = Release|Any CPU
		{8C4FFD6F-960C-45F2-9B20-FB9617B581BF}.Release|Any CPU.Build.0 = Release|Any CPU
		{02EABE9C-25E0-48B2-A678-B03CF998CC41}.Debug|Any CPU.ActiveCfg = Debug|Any CPU
		{02EABE9C-25E0-48B2-A678-B03CF998CC41}.Debug|Any CPU.Build.0 = Debug|Any CPU
		{02EABE9C-25E0-48B2-A678-B03CF998CC41}.Release|Any CPU.ActiveCfg = Release|Any CPU
		{02EABE9C-25E0-48B2-A678-B03CF998CC41}.Release|Any CPU.Build.0 = Release|Any CPU
	EndGlobalSection
	GlobalSection(SolutionProperties) = preSolution
		HideSolutionNode = FALSE
	EndGlobalSection
	GlobalSection(ExtensibilityGlobals) = postSolution
		SolutionGuid = {E55D2129-69AE-412C-92D9-6D9566DE1274}
	EndGlobalSection
EndGlobal
